// !$*UTF8*$!
{
	archiveVersion = 1;
	classes = {
	};
	objectVersion = 77;
	objects = {

/* Begin PBXContainerItemProxy section */
		AA5019F82CA61CBF00FCE910 /* PBXContainerItemProxy */ = {
			isa = PBXContainerItemProxy;
			containerPortal = AA5019DF2CA61CBC00FCE910 /* Project object */;
			proxyType = 1;
			remoteGlobalIDString = AA5019E62CA61CBC00FCE910;
			remoteInfo = MyShop;
		};
		AA501A022CA61CBF00FCE910 /* PBXContainerItemProxy */ = {
			isa = PBXContainerItemProxy;
			containerPortal = AA5019DF2CA61CBC00FCE910 /* Project object */;
			proxyType = 1;
			remoteGlobalIDString = AA5019E62CA61CBC00FCE910;
			remoteInfo = MyShop;
		};
/* End PBXContainerItemProxy section */

/* Begin PBXFileReference section */
		AA5019E72CA61CBC00FCE910 /* MyShop.app */ = {isa = PBXFileReference; explicitFileType = wrapper.application; includeInIndex = 0; path = MyShop.app; sourceTree = BUILT_PRODUCTS_DIR; };
		AA5019F72CA61CBF00FCE910 /* MyShopTests.xctest */ = {isa = PBXFileReference; explicitFileType = wrapper.cfbundle; includeInIndex = 0; path = MyShopTests.xctest; sourceTree = BUILT_PRODUCTS_DIR; };
		AA501A012CA61CBF00FCE910 /* MyShopUITests.xctest */ = {isa = PBXFileReference; explicitFileType = wrapper.cfbundle; includeInIndex = 0; path = MyShopUITests.xctest; sourceTree = BUILT_PRODUCTS_DIR; };
/* End PBXFileReference section */

/* Begin PBXFileSystemSynchronizedRootGroup section */
		AA5019E92CA61CBC00FCE910 /* MyShop */ = {
			isa = PBXFileSystemSynchronizedRootGroup;
			path = MyShop;
			sourceTree = "<group>";
		};
		AA5019FA2CA61CBF00FCE910 /* MyShopTests */ = {
			isa = PBXFileSystemSynchronizedRootGroup;
			path = MyShopTests;
			sourceTree = "<group>";
		};
		AA501A042CA61CBF00FCE910 /* MyShopUITests */ = {
			isa = PBXFileSystemSynchronizedRootGroup;
			path = MyShopUITests;
			sourceTree = "<group>";
		};
/* End PBXFileSystemSynchronizedRootGroup section */

/* Begin PBXFrameworksBuildPhase section */
		AA5019E42CA61CBC00FCE910 /* Frameworks */ = {
			isa = PBXFrameworksBuildPhase;
			buildActionMask = 2147483647;
			files = (
			);
			runOnlyForDeploymentPostprocessing = 0;
		};
		AA5019F42CA61CBF00FCE910 /* Frameworks */ = {
			isa = PBXFrameworksBuildPhase;
			buildActionMask = 2147483647;
			files = (
			);
			runOnlyForDeploymentPostprocessing = 0;
		};
		AA5019FE2CA61CBF00FCE910 /* Frameworks */ = {
			isa = PBXFrameworksBuildPhase;
			buildActionMask = 2147483647;
			files = (
			);
			runOnlyForDeploymentPostprocessing = 0;
		};
/* End PBXFrameworksBuildPhase section */

/* Begin PBXGroup section */
		AA5019DE2CA61CBC00FCE910 = {
			isa = PBXGroup;
			children = (
				AA5019E92CA61CBC00FCE910 /* MyShop */,
				AA5019FA2CA61CBF00FCE910 /* MyShopTests */,
				AA501A042CA61CBF00FCE910 /* MyShopUITests */,
				AA5019E82CA61CBC00FCE910 /* Products */,
			);
			sourceTree = "<group>";
		};
		AA5019E82CA61CBC00FCE910 /* Products */ = {
			isa = PBXGroup;
			children = (
				AA5019E72CA61CBC00FCE910 /* MyShop.app */,
				AA5019F72CA61CBF00FCE910 /* MyShopTests.xctest */,
				AA501A012CA61CBF00FCE910 /* MyShopUITests.xctest */,
			);
			name = Products;
			sourceTree = "<group>";
		};
/* End PBXGroup section */

/* Begin PBXNativeTarget section */
		AA5019E62CA61CBC00FCE910 /* MyShop */ = {
			isa = PBXNativeTarget;
			buildConfigurationList = AA501A0B2CA61CBF00FCE910 /* Build configuration list for PBXNativeTarget "MyShop" */;
			buildPhases = (
				AA5019E32CA61CBC00FCE910 /* Sources */,
				AA5019E42CA61CBC00FCE910 /* Frameworks */,
				AA5019E52CA61CBC00FCE910 /* Resources */,
			);
			buildRules = (
			);
			dependencies = (
			);
			fileSystemSynchronizedGroups = (
				AA5019E92CA61CBC00FCE910 /* MyShop */,
			);
			name = MyShop;
			packageProductDependencies = (
			);
			productName = MyShop;
			productReference = AA5019E72CA61CBC00FCE910 /* MyShop.app */;
			productType = "com.apple.product-type.application";
		};
		AA5019F62CA61CBF00FCE910 /* MyShopTests */ = {
			isa = PBXNativeTarget;
			buildConfigurationList = AA501A0E2CA61CBF00FCE910 /* Build configuration list for PBXNativeTarget "MyShopTests" */;
			buildPhases = (
				AA5019F32CA61CBF00FCE910 /* Sources */,
				AA5019F42CA61CBF00FCE910 /* Frameworks */,
				AA5019F52CA61CBF00FCE910 /* Resources */,
			);
			buildRules = (
			);
			dependencies = (
				AA5019F92CA61CBF00FCE910 /* PBXTargetDependency */,
			);
			fileSystemSynchronizedGroups = (
				AA5019FA2CA61CBF00FCE910 /* MyShopTests */,
			);
			name = MyShopTests;
			packageProductDependencies = (
			);
			productName = MyShopTests;
			productReference = AA5019F72CA61CBF00FCE910 /* MyShopTests.xctest */;
			productType = "com.apple.product-type.bundle.unit-test";
		};
		AA501A002CA61CBF00FCE910 /* MyShopUITests */ = {
			isa = PBXNativeTarget;
			buildConfigurationList = AA501A112CA61CBF00FCE910 /* Build configuration list for PBXNativeTarget "MyShopUITests" */;
			buildPhases = (
				AA5019FD2CA61CBF00FCE910 /* Sources */,
				AA5019FE2CA61CBF00FCE910 /* Frameworks */,
				AA5019FF2CA61CBF00FCE910 /* Resources */,
			);
			buildRules = (
			);
			dependencies = (
				AA501A032CA61CBF00FCE910 /* PBXTargetDependency */,
			);
			fileSystemSynchronizedGroups = (
				AA501A042CA61CBF00FCE910 /* MyShopUITests */,
			);
			name = MyShopUITests;
			packageProductDependencies = (
			);
			productName = MyShopUITests;
			productReference = AA501A012CA61CBF00FCE910 /* MyShopUITests.xctest */;
			productType = "com.apple.product-type.bundle.ui-testing";
		};
/* End PBXNativeTarget section */

/* Begin PBXProject section */
		AA5019DF2CA61CBC00FCE910 /* Project object */ = {
			isa = PBXProject;
			attributes = {
				BuildIndependentTargetsInParallel = 1;
				LastSwiftUpdateCheck = 1600;
				LastUpgradeCheck = 1600;
				TargetAttributes = {
					AA5019E62CA61CBC00FCE910 = {
						CreatedOnToolsVersion = 16.0;
					};
					AA5019F62CA61CBF00FCE910 = {
						CreatedOnToolsVersion = 16.0;
						TestTargetID = AA5019E62CA61CBC00FCE910;
					};
					AA501A002CA61CBF00FCE910 = {
						CreatedOnToolsVersion = 16.0;
						TestTargetID = AA5019E62CA61CBC00FCE910;
					};
				};
			};
			buildConfigurationList = AA5019E22CA61CBC00FCE910 /* Build configuration list for PBXProject "MyShop" */;
			developmentRegion = en;
			hasScannedForEncodings = 0;
			knownRegions = (
				en,
				Base,
			);
			mainGroup = AA5019DE2CA61CBC00FCE910;
			minimizedProjectReferenceProxies = 1;
			preferredProjectObjectVersion = 77;
			productRefGroup = AA5019E82CA61CBC00FCE910 /* Products */;
			projectDirPath = "";
			projectRoot = "";
			targets = (
				AA5019E62CA61CBC00FCE910 /* MyShop */,
				AA5019F62CA61CBF00FCE910 /* MyShopTests */,
				AA501A002CA61CBF00FCE910 /* MyShopUITests */,
			);
		};
/* End PBXProject section */

/* Begin PBXResourcesBuildPhase section */
		AA5019E52CA61CBC00FCE910 /* Resources */ = {
			isa = PBXResourcesBuildPhase;
			buildActionMask = 2147483647;
			files = (
			);
			runOnlyForDeploymentPostprocessing = 0;
		};
		AA5019F52CA61CBF00FCE910 /* Resources */ = {
			isa = PBXResourcesBuildPhase;
			buildActionMask = 2147483647;
			files = (
			);
			runOnlyForDeploymentPostprocessing = 0;
		};
		AA5019FF2CA61CBF00FCE910 /* Resources */ = {
			isa = PBXResourcesBuildPhase;
			buildActionMask = 2147483647;
			files = (
			);
			runOnlyForDeploymentPostprocessing = 0;
		};
/* End PBXResourcesBuildPhase section */

/* Begin PBXSourcesBuildPhase section */
		AA5019E32CA61CBC00FCE910 /* Sources */ = {
			isa = PBXSourcesBuildPhase;
			buildActionMask = 2147483647;
			files = (
			);
			runOnlyForDeploymentPostprocessing = 0;
		};
		AA5019F32CA61CBF00FCE910 /* Sources */ = {
			isa = PBXSourcesBuildPhase;
			buildActionMask = 2147483647;
			files = (
			);
			runOnlyForDeploymentPostprocessing = 0;
		};
		AA5019FD2CA61CBF00FCE910 /* Sources */ = {
			isa = PBXSourcesBuildPhase;
			buildActionMask = 2147483647;
			files = (
			);
			runOnlyForDeploymentPostprocessing = 0;
		};
/* End PBXSourcesBuildPhase section */

/* Begin PBXTargetDependency section */
		AA5019F92CA61CBF00FCE910 /* PBXTargetDependency */ = {
			isa = PBXTargetDependency;
			target = AA5019E62CA61CBC00FCE910 /* MyShop */;
			targetProxy = AA5019F82CA61CBF00FCE910 /* PBXContainerItemProxy */;
		};
		AA501A032CA61CBF00FCE910 /* PBXTargetDependency */ = {
			isa = PBXTargetDependency;
			target = AA5019E62CA61CBC00FCE910 /* MyShop */;
			targetProxy = AA501A022CA61CBF00FCE910 /* PBXContainerItemProxy */;
		};
/* End PBXTargetDependency section */

/* Begin XCBuildConfiguration section */
		AA501A092CA61CBF00FCE910 /* Debug */ = {
			isa = XCBuildConfiguration;
			buildSettings = {
				ALWAYS_SEARCH_USER_PATHS = NO;
				ASSETCATALOG_COMPILER_GENERATE_SWIFT_ASSET_SYMBOL_EXTENSIONS = YES;
				CLANG_ANALYZER_NONNULL = YES;
				CLANG_ANALYZER_NUMBER_OBJECT_CONVERSION = YES_AGGRESSIVE;
				CLANG_CXX_LANGUAGE_STANDARD = "gnu++20";
				CLANG_ENABLE_MODULES = YES;
				CLANG_ENABLE_OBJC_ARC = YES;
				CLANG_ENABLE_OBJC_WEAK = YES;
				CLANG_WARN_BLOCK_CAPTURE_AUTORELEASING = YES;
				CLANG_WARN_BOOL_CONVERSION = YES;
				CLANG_WARN_COMMA = YES;
				CLANG_WARN_CONSTANT_CONVERSION = YES;
				CLANG_WARN_DEPRECATED_OBJC_IMPLEMENTATIONS = YES;
				CLANG_WARN_DIRECT_OBJC_ISA_USAGE = YES_ERROR;
				CLANG_WARN_DOCUMENTATION_COMMENTS = YES;
				CLANG_WARN_EMPTY_BODY = YES;
				CLANG_WARN_ENUM_CONVERSION = YES;
				CLANG_WARN_INFINITE_RECURSION = YES;
				CLANG_WARN_INT_CONVERSION = YES;
				CLANG_WARN_NON_LITERAL_NULL_CONVERSION = YES;
				CLANG_WARN_OBJC_IMPLICIT_RETAIN_SELF = YES;
				CLANG_WARN_OBJC_LITERAL_CONVERSION = YES;
				CLANG_WARN_OBJC_ROOT_CLASS = YES_ERROR;
				CLANG_WARN_QUOTED_INCLUDE_IN_FRAMEWORK_HEADER = YES;
				CLANG_WARN_RANGE_LOOP_ANALYSIS = YES;
				CLANG_WARN_STRICT_PROTOTYPES = YES;
				CLANG_WARN_SUSPICIOUS_MOVE = YES;
				CLANG_WARN_UNGUARDED_AVAILABILITY = YES_AGGRESSIVE;
				CLANG_WARN_UNREACHABLE_CODE = YES;
				CLANG_WARN__DUPLICATE_METHOD_MATCH = YES;
				COPY_PHASE_STRIP = NO;
				DEBUG_INFORMATION_FORMAT = dwarf;
				ENABLE_STRICT_OBJC_MSGSEND = YES;
				ENABLE_TESTABILITY = YES;
				ENABLE_USER_SCRIPT_SANDBOXING = YES;
				GCC_C_LANGUAGE_STANDARD = gnu17;
				GCC_DYNAMIC_NO_PIC = NO;
				GCC_NO_COMMON_BLOCKS = YES;
				GCC_OPTIMIZATION_LEVEL = 0;
				GCC_PREPROCESSOR_DEFINITIONS = (
					"DEBUG=1",
					"$(inherited)",
				);
				GCC_WARN_64_TO_32_BIT_CONVERSION = YES;
				GCC_WARN_ABOUT_RETURN_TYPE = YES_ERROR;
				GCC_WARN_UNDECLARED_SELECTOR = YES;
				GCC_WARN_UNINITIALIZED_AUTOS = YES_AGGRESSIVE;
				GCC_WARN_UNUSED_FUNCTION = YES;
				GCC_WARN_UNUSED_VARIABLE = YES;
				IPHONEOS_DEPLOYMENT_TARGET = 18.0;
				LOCALIZATION_PREFERS_STRING_CATALOGS = YES;
				MTL_ENABLE_DEBUG_INFO = INCLUDE_SOURCE;
				MTL_FAST_MATH = YES;
				ONLY_ACTIVE_ARCH = YES;
				SDKROOT = iphoneos;
				SWIFT_ACTIVE_COMPILATION_CONDITIONS = "DEBUG $(inherited)";
				SWIFT_OPTIMIZATION_LEVEL = "-Onone";
			};
			name = Debug;
		};
		AA501A0A2CA61CBF00FCE910 /* Release */ = {
			isa = XCBuildConfiguration;
			buildSettings = {
				ALWAYS_SEARCH_USER_PATHS = NO;
				ASSETCATALOG_COMPILER_GENERATE_SWIFT_ASSET_SYMBOL_EXTENSIONS = YES;
				CLANG_ANALYZER_NONNULL = YES;
				CLANG_ANALYZER_NUMBER_OBJECT_CONVERSION = YES_AGGRESSIVE;
				CLANG_CXX_LANGUAGE_STANDARD = "gnu++20";
				CLANG_ENABLE_MODULES = YES;
				CLANG_ENABLE_OBJC_ARC = YES;
				CLANG_ENABLE_OBJC_WEAK = YES;
				CLANG_WARN_BLOCK_CAPTURE_AUTORELEASING = YES;
				CLANG_WARN_BOOL_CONVERSION = YES;
				CLANG_WARN_COMMA = YES;
				CLANG_WARN_CONSTANT_CONVERSION = YES;
				CLANG_WARN_DEPRECATED_OBJC_IMPLEMENTATIONS = YES;
				CLANG_WARN_DIRECT_OBJC_ISA_USAGE = YES_ERROR;
				CLANG_WARN_DOCUMENTATION_COMMENTS = YES;
				CLANG_WARN_EMPTY_BODY = YES;
				CLANG_WARN_ENUM_CONVERSION = YES;
				CLANG_WARN_INFINITE_RECURSION = YES;
				CLANG_WARN_INT_CONVERSION = YES;
				CLANG_WARN_NON_LITERAL_NULL_CONVERSION = YES;
				CLANG_WARN_OBJC_IMPLICIT_RETAIN_SELF = YES;
				CLANG_WARN_OBJC_LITERAL_CONVERSION = YES;
				CLANG_WARN_OBJC_ROOT_CLASS = YES_ERROR;
				CLANG_WARN_QUOTED_INCLUDE_IN_FRAMEWORK_HEADER = YES;
				CLANG_WARN_RANGE_LOOP_ANALYSIS = YES;
				CLANG_WARN_STRICT_PROTOTYPES = YES;
				CLANG_WARN_SUSPICIOUS_MOVE = YES;
				CLANG_WARN_UNGUARDED_AVAILABILITY = YES_AGGRESSIVE;
				CLANG_WARN_UNREACHABLE_CODE = YES;
				CLANG_WARN__DUPLICATE_METHOD_MATCH = YES;
				COPY_PHASE_STRIP = NO;
				DEBUG_INFORMATION_FORMAT = "dwarf-with-dsym";
				ENABLE_NS_ASSERTIONS = NO;
				ENABLE_STRICT_OBJC_MSGSEND = YES;
				ENABLE_USER_SCRIPT_SANDBOXING = YES;
				GCC_C_LANGUAGE_STANDARD = gnu17;
				GCC_NO_COMMON_BLOCKS = YES;
				GCC_WARN_64_TO_32_BIT_CONVERSION = YES;
				GCC_WARN_ABOUT_RETURN_TYPE = YES_ERROR;
				GCC_WARN_UNDECLARED_SELECTOR = YES;
				GCC_WARN_UNINITIALIZED_AUTOS = YES_AGGRESSIVE;
				GCC_WARN_UNUSED_FUNCTION = YES;
				GCC_WARN_UNUSED_VARIABLE = YES;
				IPHONEOS_DEPLOYMENT_TARGET = 18.0;
				LOCALIZATION_PREFERS_STRING_CATALOGS = YES;
				MTL_ENABLE_DEBUG_INFO = NO;
				MTL_FAST_MATH = YES;
				SDKROOT = iphoneos;
				SWIFT_COMPILATION_MODE = wholemodule;
				VALIDATE_PRODUCT = YES;
			};
			name = Release;
		};
		AA501A0C2CA61CBF00FCE910 /* Debug */ = {
			isa = XCBuildConfiguration;
			buildSettings = {
				ASSETCATALOG_COMPILER_APPICON_NAME = AppIcon;
				ASSETCATALOG_COMPILER_GLOBAL_ACCENT_COLOR_NAME = AccentColor;
				CODE_SIGN_STYLE = Automatic;
				CURRENT_PROJECT_VERSION = 1;
				DEVELOPMENT_ASSET_PATHS = "\"MyShop/Preview Content\"";
				DEVELOPMENT_TEAM = XF4JK5557K;
				ENABLE_PREVIEWS = YES;
				GENERATE_INFOPLIST_FILE = YES;
				INFOPLIST_KEY_UIApplicationSceneManifest_Generation = YES;
				INFOPLIST_KEY_UIApplicationSupportsIndirectInputEvents = YES;
				INFOPLIST_KEY_UILaunchScreen_Generation = YES;
				INFOPLIST_KEY_UISupportedInterfaceOrientations_iPad = "UIInterfaceOrientationPortrait UIInterfaceOrientationPortraitUpsideDown UIInterfaceOrientationLandscapeLeft UIInterfaceOrientationLandscapeRight";
				INFOPLIST_KEY_UISupportedInterfaceOrientations_iPhone = "UIInterfaceOrientationPortrait UIInterfaceOrientationLandscapeLeft UIInterfaceOrientationLandscapeRight";
				LD_RUNPATH_SEARCH_PATHS = (
					"$(inherited)",
					"@executable_path/Frameworks",
				);
				MARKETING_VERSION = 1.0;
				PRODUCT_BUNDLE_IDENTIFIER = "My-Shop.MyShop";
				PRODUCT_NAME = "$(TARGET_NAME)";
				SWIFT_EMIT_LOC_STRINGS = YES;
				SWIFT_VERSION = 5.0;
				TARGETED_DEVICE_FAMILY = "1,2";
			};
			name = Debug;
		};
		AA501A0D2CA61CBF00FCE910 /* Release */ = {
			isa = XCBuildConfiguration;
			buildSettings = {
				ASSETCATALOG_COMPILER_APPICON_NAME = AppIcon;
				ASSETCATALOG_COMPILER_GLOBAL_ACCENT_COLOR_NAME = AccentColor;
				CODE_SIGN_STYLE = Automatic;
				CURRENT_PROJECT_VERSION = 1;
				DEVELOPMENT_ASSET_PATHS = "\"MyShop/Preview Content\"";
				DEVELOPMENT_TEAM = XF4JK5557K;
				ENABLE_PREVIEWS = YES;
				GENERATE_INFOPLIST_FILE = YES;
				INFOPLIST_KEY_UIApplicationSceneManifest_Generation = YES;
				INFOPLIST_KEY_UIApplicationSupportsIndirectInputEvents = YES;
				INFOPLIST_KEY_UILaunchScreen_Generation = YES;
				INFOPLIST_KEY_UISupportedInterfaceOrientations_iPad = "UIInterfaceOrientationPortrait UIInterfaceOrientationPortraitUpsideDown UIInterfaceOrientationLandscapeLeft UIInterfaceOrientationLandscapeRight";
				INFOPLIST_KEY_UISupportedInterfaceOrientations_iPhone = "UIInterfaceOrientationPortrait UIInterfaceOrientationLandscapeLeft UIInterfaceOrientationLandscapeRight";
				LD_RUNPATH_SEARCH_PATHS = (
					"$(inherited)",
					"@executable_path/Frameworks",
				);
				MARKETING_VERSION = 1.0;
				PRODUCT_BUNDLE_IDENTIFIER = "My-Shop.MyShop";
				PRODUCT_NAME = "$(TARGET_NAME)";
				SWIFT_EMIT_LOC_STRINGS = YES;
				SWIFT_VERSION = 5.0;
				TARGETED_DEVICE_FAMILY = "1,2";
			};
			name = Release;
		};
		AA501A0F2CA61CBF00FCE910 /* Debug */ = {
			isa = XCBuildConfiguration;
			buildSettings = {
				BUNDLE_LOADER = "$(TEST_HOST)";
				CODE_SIGN_STYLE = Automatic;
				CURRENT_PROJECT_VERSION = 1;
				DEVELOPMENT_TEAM = XF4JK5557K;
				GENERATE_INFOPLIST_FILE = YES;
				IPHONEOS_DEPLOYMENT_TARGET = 18.0;
				MARKETING_VERSION = 1.0;
				PRODUCT_BUNDLE_IDENTIFIER = "My-Shop.MyShopTests";
				PRODUCT_NAME = "$(TARGET_NAME)";
				SWIFT_EMIT_LOC_STRINGS = NO;
				SWIFT_VERSION = 5.0;
				TARGETED_DEVICE_FAMILY = "1,2";
				TEST_HOST = "$(BUILT_PRODUCTS_DIR)/MyShop.app/$(BUNDLE_EXECUTABLE_FOLDER_PATH)/MyShop";
			};
			name = Debug;
		};
		AA501A102CA61CBF00FCE910 /* Release */ = {
			isa = XCBuildConfiguration;
			buildSettings = {
				BUNDLE_LOADER = "$(TEST_HOST)";
				CODE_SIGN_STYLE = Automatic;
				CURRENT_PROJECT_VERSION = 1;
				DEVELOPMENT_TEAM = XF4JK5557K;
				GENERATE_INFOPLIST_FILE = YES;
				IPHONEOS_DEPLOYMENT_TARGET = 18.0;
				MARKETING_VERSION = 1.0;
				PRODUCT_BUNDLE_IDENTIFIER = "My-Shop.MyShopTests";
				PRODUCT_NAME = "$(TARGET_NAME)";
				SWIFT_EMIT_LOC_STRINGS = NO;
				SWIFT_VERSION = 5.0;
				TARGETED_DEVICE_FAMILY = "1,2";
				TEST_HOST = "$(BUILT_PRODUCTS_DIR)/MyShop.app/$(BUNDLE_EXECUTABLE_FOLDER_PATH)/MyShop";
			};
			name = Release;
		};
		AA501A122CA61CBF00FCE910 /* Debug */ = {
			isa = XCBuildConfiguration;
			buildSettings = {
				CODE_SIGN_STYLE = Automatic;
				CURRENT_PROJECT_VERSION = 1;
				DEVELOPMENT_TEAM = XF4JK5557K;
				GENERATE_INFOPLIST_FILE = YES;
				MARKETING_VERSION = 1.0;
				PRODUCT_BUNDLE_IDENTIFIER = "My-Shop.MyShopUITests";
				PRODUCT_NAME = "$(TARGET_NAME)";
				SWIFT_EMIT_LOC_STRINGS = NO;
				SWIFT_VERSION = 5.0;
				TARGETED_DEVICE_FAMILY = "1,2";
				TEST_TARGET_NAME = MyShop;
			};
			name = Debug;
		};
		AA501A132CA61CBF00FCE910 /* Release */ = {
			isa = XCBuildConfiguration;
			buildSettings = {
				CODE_SIGN_STYLE = Automatic;
				CURRENT_PROJECT_VERSION = 1;
				DEVELOPMENT_TEAM = XF4JK5557K;
				GENERATE_INFOPLIST_FILE = YES;
				MARKETING_VERSION = 1.0;
				PRODUCT_BUNDLE_IDENTIFIER = "My-Shop.MyShopUITests";
				PRODUCT_NAME = "$(TARGET_NAME)";
				SWIFT_EMIT_LOC_STRINGS = NO;
				SWIFT_VERSION = 5.0;
				TARGETED_DEVICE_FAMILY = "1,2";
				TEST_TARGET_NAME = MyShop;
			};
			name = Release;
		};
/* End XCBuildConfiguration section */

/* Begin XCConfigurationList section */
		AA5019E22CA61CBC00FCE910 /* Build configuration list for PBXProject "MyShop" */ = {
			isa = XCConfigurationList;
			buildConfigurations = (
				AA501A092CA61CBF00FCE910 /* Debug */,
				AA501A0A2CA61CBF00FCE910 /* Release */,
			);
			defaultConfigurationIsVisible = 0;
			defaultConfigurationName = Release;
		};
		AA501A0B2CA61CBF00FCE910 /* Build configuration list for PBXNativeTarget "MyShop" */ = {
			isa = XCConfigurationList;
			buildConfigurations = (
				AA501A0C2CA61CBF00FCE910 /* Debug */,
				AA501A0D2CA61CBF00FCE910 /* Release */,
			);
			defaultConfigurationIsVisible = 0;
			defaultConfigurationName = Release;
		};
		AA501A0E2CA61CBF00FCE910 /* Build configuration list for PBXNativeTarget "MyShopTests" */ = {
			isa = XCConfigurationList;
			buildConfigurations = (
				AA501A0F2CA61CBF00FCE910 /* Debug */,
				AA501A102CA61CBF00FCE910 /* Release */,
			);
			defaultConfigurationIsVisible = 0;
			defaultConfigurationName = Release;
		};
		AA501A112CA61CBF00FCE910 /* Build configuration list for PBXNativeTarget "MyShopUITests" */ = {
			isa = XCConfigurationList;
			buildConfigurations = (
				AA501A122CA61CBF00FCE910 /* Debug */,
				AA501A132CA61CBF00FCE910 /* Release */,
			);
			defaultConfigurationIsVisible = 0;
			defaultConfigurationName = Release;
		};
/* End XCConfigurationList section */
	};
	rootObject = AA5019DF2CA61CBC00FCE910 /* Project object */;
}
